
Microsoft Visual Studio Solution File, Format Version 12.00
# Visual Studio 14
VisualStudioVersion = 14.0.25420.1
MinimumVisualStudioVersion = 10.0.40219.1
Project("{FAE04EC0-301F-11D3-BF4B-00C04F79EFBC}") = "NoteBook", "NoteBook\NoteBook.csproj", "{BEABAF32-99B2-4089-868C-C8989358D329}"
EndProject
Global
	GlobalSection(SolutionConfigurationPlatforms) = preSolution
		Debug|Any CPU = Debug|Any CPU
		Release|Any CPU = Release|Any CPU
	EndGlobalSection
	GlobalSection(ProjectConfigurationPlatforms) = postSolution
		{BEABAF32-99B2-4089-868C-C8989358D329}.Debug|Any CPU.ActiveCfg = Debug|Any CPU
		{BEABAF32-99B2-4089-868C-C8989358D329}.Debug|Any CPU.Build.0 = Debug|Any CPU
		{BEABAF32-99B2-4089-868C-C8989358D329}.Release|Any CPU.ActiveCfg = Release|Any CPU
		{BEABAF32-99B2-4089-868C-C8989358D329}.Release|Any CPU.Build.0 = Release|Any CPU
	EndGlobalSection
	GlobalSection(SolutionProperties) = preSolution
		HideSolutionNode = FALSE
	EndGlobalSection
EndGlobal
