
Microsoft Visual Studio Solution File, Format Version 12.00
# Visual Studio 14
VisualStudioVersion = 14.0.25420.1
MinimumVisualStudioVersion = 10.0.40219.1
Project("{FAE04EC0-301F-11D3-BF4B-00C04F79EFBC}") = "ClassLibrary2", "ClassLibrary2\ClassLibrary2.csproj", "{53FD5A4B-C99F-4BAA-AE7B-05A48B971470}"
EndProject
Project("{FAE04EC0-301F-11D3-BF4B-00C04F79EFBC}") = "cons11", "cons11\cons11.csproj", "{AB5B5F4B-1488-4911-AAC3-2527E96C1177}"
EndProject
Global
	GlobalSection(SolutionConfigurationPlatforms) = preSolution
		Debug|Any CPU = Debug|Any CPU
		Release|Any CPU = Release|Any CPU
	EndGlobalSection
	GlobalSection(ProjectConfigurationPlatforms) = postSolution
		{53FD5A4B-C99F-4BAA-AE7B-05A48B971470}.Debug|Any CPU.ActiveCfg = Debug|Any CPU
		{53FD5A4B-C99F-4BAA-AE7B-05A48B971470}.Debug|Any CPU.Build.0 = Debug|Any CPU
		{53FD5A4B-C99F-4BAA-AE7B-05A48B971470}.Release|Any CPU.ActiveCfg = Release|Any CPU
		{53FD5A4B-C99F-4BAA-AE7B-05A48B971470}.Release|Any CPU.Build.0 = Release|Any CPU
		{AB5B5F4B-1488-4911-AAC3-2527E96C1177}.Debug|Any CPU.ActiveCfg = Debug|Any CPU
		{AB5B5F4B-1488-4911-AAC3-2527E96C1177}.Debug|Any CPU.Build.0 = Debug|Any CPU
		{AB5B5F4B-1488-4911-AAC3-2527E96C1177}.Release|Any CPU.ActiveCfg = Release|Any CPU
		{AB5B5F4B-1488-4911-AAC3-2527E96C1177}.Release|Any CPU.Build.0 = Release|Any CPU
	EndGlobalSection
	GlobalSection(SolutionProperties) = preSolution
		HideSolutionNode = FALSE
	EndGlobalSection
EndGlobal
